
Microsoft Visual Studio Solution File, Format Version 12.00
# Visual Studio Version 17
VisualStudioVersion = 17.3.32929.385
MinimumVisualStudioVersion = 10.0.40219.1
Project("{9A19103F-16F7-4668-BE54-9A1E7A4F7556}") = "MinimalApiTemplate.API", "MinimalApiTemplate.API\MinimalApiTemplate.API.csproj", "{BAB18B43-1FB2-49CA-B5D9-79EF3AB6F1CB}"
EndProject
Project("{9A19103F-16F7-4668-BE54-9A1E7A4F7556}") = "MinimapApiTemplate.BLL", "MinimapApiTemplate.BLL\MinimapApiTemplate.BLL.csproj", "{06E7CD54-E143-4BFE-84F6-7E0E4FC716C7}"
EndProject
Project("{FAE04EC0-301F-11D3-BF4B-00C04F79EFBC}") = "MinimalApiTemplate.DAL", "MinimalApiTemplate.DAL\MinimalApiTemplate.DAL.csproj", "{BC493AF7-F5BD-43DF-93EA-E5AC48A97A83}"
EndProject
Project("{FAE04EC0-301F-11D3-BF4B-00C04F79EFBC}") = "MinimalApiTemplate.Shared", "MinimalApiTemplate.Shared\MinimalApiTemplate.Shared.csproj", "{71C47C8E-7975-44FB-8AF8-62A921B31E78}"
EndProject
Global
	GlobalSection(SolutionConfigurationPlatforms) = preSolution
		Debug|Any CPU = Debug|Any CPU
		Release|Any CPU = Release|Any CPU
	EndGlobalSection
	GlobalSection(ProjectConfigurationPlatforms) = postSolution
		{BAB18B43-1FB2-49CA-B5D9-79EF3AB6F1CB}.Debug|Any CPU.ActiveCfg = Debug|Any CPU
		{BAB18B43-1FB2-49CA-B5D9-79EF3AB6F1CB}.Debug|Any CPU.Build.0 = Debug|Any CPU
		{BAB18B43-1FB2-49CA-B5D9-79EF3AB6F1CB}.Release|Any CPU.ActiveCfg = Release|Any CPU
		{BAB18B43-1FB2-49CA-B5D9-79EF3AB6F1CB}.Release|Any CPU.Build.0 = Release|Any CPU
		{06E7CD54-E143-4BFE-84F6-7E0E4FC716C7}.Debug|Any CPU.ActiveCfg = Debug|Any CPU
		{06E7CD54-E143-4BFE-84F6-7E0E4FC716C7}.Debug|Any CPU.Build.0 = Debug|Any CPU
		{06E7CD54-E143-4BFE-84F6-7E0E4FC716C7}.Release|Any CPU.ActiveCfg = Release|Any CPU
		{06E7CD54-E143-4BFE-84F6-7E0E4FC716C7}.Release|Any CPU.Build.0 = Release|Any CPU
		{BC493AF7-F5BD-43DF-93EA-E5AC48A97A83}.Debug|Any CPU.ActiveCfg = Debug|Any CPU
		{BC493AF7-F5BD-43DF-93EA-E5AC48A97A83}.Debug|Any CPU.Build.0 = Debug|Any CPU
		{BC493AF7-F5BD-43DF-93EA-E5AC48A97A83}.Release|Any CPU.ActiveCfg = Release|Any CPU
		{BC493AF7-F5BD-43DF-93EA-E5AC48A97A83}.Release|Any CPU.Build.0 = Release|Any CPU
		{71C47C8E-7975-44FB-8AF8-62A921B31E78}.Debug|Any CPU.ActiveCfg = Debug|Any CPU
		{71C47C8E-7975-44FB-8AF8-62A921B31E78}.Debug|Any CPU.Build.0 = Debug|Any CPU
		{71C47C8E-7975-44FB-8AF8-62A921B31E78}.Release|Any CPU.ActiveCfg = Release|Any CPU
		{71C47C8E-7975-44FB-8AF8-62A921B31E78}.Release|Any CPU.Build.0 = Release|Any CPU
	EndGlobalSection
	GlobalSection(SolutionProperties) = preSolution
		HideSolutionNode = FALSE
	EndGlobalSection
	GlobalSection(ExtensibilityGlobals) = postSolution
		SolutionGuid = {08CA3FF5-8ACB-437D-9AFE-DE06F63D07AA}
	EndGlobalSection
EndGlobal
